// !$*UTF8*$!
{
	archiveVersion = 1;
	classes = {
	};
	objectVersion = 56;
	objects = {

/* Begin PBXBuildFile section */
		0916E3BC2ACDD3E1000801D0 /* UserNotifications.framework in Frameworks */ = {isa = PBXBuildFile; fileRef = 0916E3BB2ACDD3E0000801D0 /* UserNotifications.framework */; };
		096735302AD0CA3B00C6AEE0 /* DocumentView.swift in Sources */ = {isa = PBXBuildFile; fileRef = 0967352F2AD0CA3B00C6AEE0 /* DocumentView.swift */; };
		0967353A2AD36EBC00C6AEE0 /* DCViewController.swift in Sources */ = {isa = PBXBuildFile; fileRef = 096735392AD36EBC00C6AEE0 /* DCViewController.swift */; };
		097C72242ADD85DA007398A5 /* UIApplication+Version.swift in Sources */ = {isa = PBXBuildFile; fileRef = 097C72232ADD85DA007398A5 /* UIApplication+Version.swift */; };
		097C722A2ADEF98C007398A5 /* Stay.swift in Sources */ = {isa = PBXBuildFile; fileRef = 097C72292ADEF98C007398A5 /* Stay.swift */; };
		097C722C2ADF0DA8007398A5 /* CheckOutConfirmView.swift in Sources */ = {isa = PBXBuildFile; fileRef = 097C722B2ADF0DA8007398A5 /* CheckOutConfirmView.swift */; };
		097FB71B2AD8643300305AE0 /* StayModel.swift in Sources */ = {isa = PBXBuildFile; fileRef = 097FB71A2AD8643300305AE0 /* StayModel.swift */; };
		097FB71D2AD87B6700305AE0 /* ReservationsListView.swift in Sources */ = {isa = PBXBuildFile; fileRef = 097FB71C2AD87B6700305AE0 /* ReservationsListView.swift */; };
		097FB71F2AD88CBA00305AE0 /* CheckInConfirmView.swift in Sources */ = {isa = PBXBuildFile; fileRef = 097FB71E2AD88CB900305AE0 /* CheckInConfirmView.swift */; };
		097FB7212AD8CCC000305AE0 /* ReservationCardView.swift in Sources */ = {isa = PBXBuildFile; fileRef = 097FB7202AD8CCC000305AE0 /* ReservationCardView.swift */; };
		097FB7232AD8D68900305AE0 /* RatingView.swift in Sources */ = {isa = PBXBuildFile; fileRef = 097FB7222AD8D68900305AE0 /* RatingView.swift */; };
		097FB7252AD8F5A900305AE0 /* Tabs.swift in Sources */ = {isa = PBXBuildFile; fileRef = 097FB7242AD8F5A900305AE0 /* Tabs.swift */; };
		097FB7292AD999FE00305AE0 /* ActivityItemView.swift in Sources */ = {isa = PBXBuildFile; fileRef = 097FB7282AD999FE00305AE0 /* ActivityItemView.swift */; };
		097FB72B2AD9C05A00305AE0 /* splash.gif in Resources */ = {isa = PBXBuildFile; fileRef = 097FB72A2AD9C05A00305AE0 /* splash.gif */; };
		097FB72D2AD9C41F00305AE0 /* LaunchScreenView.swift in Sources */ = {isa = PBXBuildFile; fileRef = 097FB72C2AD9C41F00305AE0 /* LaunchScreenView.swift */; };
		097FB72F2AD9D1CD00305AE0 /* GifImage.swift in Sources */ = {isa = PBXBuildFile; fileRef = 097FB72E2AD9D1CD00305AE0 /* GifImage.swift */; };
		097FB7312ADA5F7800305AE0 /* Localizable.xcstrings in Resources */ = {isa = PBXBuildFile; fileRef = 097FB7302ADA5F7800305AE0 /* Localizable.xcstrings */; };
		099A2FBE2ABC86CC00BA95E5 /* libFMDB.a in Frameworks */ = {isa = PBXBuildFile; fileRef = 099A2FB82ABB325C00BA95E5 /* libFMDB.a */; };
		099A2FBF2ABC86D000BA95E5 /* libSQLCipher.a in Frameworks */ = {isa = PBXBuildFile; fileRef = 099A2FBA2ABB325C00BA95E5 /* libSQLCipher.a */; };
		099AC43A2AB4F7D60023D8B3 /* CheckOutView.swift in Sources */ = {isa = PBXBuildFile; fileRef = 099AC4392AB4F7D60023D8B3 /* CheckOutView.swift */; };
		099AC43C2AB4FB7F0023D8B3 /* Reservation.swift in Sources */ = {isa = PBXBuildFile; fileRef = 099AC43B2AB4FB7F0023D8B3 /* Reservation.swift */; };
		099AC43E2AB7D21A0023D8B3 /* LoadingView.swift in Sources */ = {isa = PBXBuildFile; fileRef = 099AC43D2AB7D21A0023D8B3 /* LoadingView.swift */; };
		099AC4402AB7D4C40023D8B3 /* LoginView.swift in Sources */ = {isa = PBXBuildFile; fileRef = 099AC43F2AB7D4C40023D8B3 /* LoginView.swift */; };
		099AC4432AB7D8180023D8B3 /* WebView.swift in Sources */ = {isa = PBXBuildFile; fileRef = 099AC4422AB7D8180023D8B3 /* WebView.swift */; };
		099AC4452AB7DBC20023D8B3 /* ConciergeView.swift in Sources */ = {isa = PBXBuildFile; fileRef = 099AC4442AB7DBC20023D8B3 /* ConciergeView.swift */; };
		099AC4472AB7DD030023D8B3 /* ActivityListView.swift in Sources */ = {isa = PBXBuildFile; fileRef = 099AC4462AB7DD030023D8B3 /* ActivityListView.swift */; };
		099B12662AB201A000DA4B8F /* HospitalityDemoApp.swift in Sources */ = {isa = PBXBuildFile; fileRef = 099B12652AB201A000DA4B8F /* HospitalityDemoApp.swift */; };
		099B12682AB201A000DA4B8F /* ContentView.swift in Sources */ = {isa = PBXBuildFile; fileRef = 099B12672AB201A000DA4B8F /* ContentView.swift */; };
		099B126A2AB201A200DA4B8F /* Assets.xcassets in Resources */ = {isa = PBXBuildFile; fileRef = 099B12692AB201A200DA4B8F /* Assets.xcassets */; };
		099B126E2AB201A200DA4B8F /* Preview Assets.xcassets in Resources */ = {isa = PBXBuildFile; fileRef = 099B126D2AB201A200DA4B8F /* Preview Assets.xcassets */; };
		099B12782AB201A200DA4B8F /* HospitalityDemoTests.swift in Sources */ = {isa = PBXBuildFile; fileRef = 099B12772AB201A200DA4B8F /* HospitalityDemoTests.swift */; };
		099B12822AB201A200DA4B8F /* HospitalityDemoUITests.swift in Sources */ = {isa = PBXBuildFile; fileRef = 099B12812AB201A200DA4B8F /* HospitalityDemoUITests.swift */; };
		099B12842AB201A200DA4B8F /* HospitalityDemoUITestsLaunchTests.swift in Sources */ = {isa = PBXBuildFile; fileRef = 099B12832AB201A200DA4B8F /* HospitalityDemoUITestsLaunchTests.swift */; };
		09B490002ACC5DA700273F0E /* UserPreferences.swift in Sources */ = {isa = PBXBuildFile; fileRef = 09B48FFF2ACC5DA700273F0E /* UserPreferences.swift */; };
		09B490022ACCDF2D00273F0E /* ErrorView.swift in Sources */ = {isa = PBXBuildFile; fileRef = 09B490012ACCDF2D00273F0E /* ErrorView.swift */; };
		09B490052ACCF4F200273F0E /* Bundle+JsonFileReader.swift in Sources */ = {isa = PBXBuildFile; fileRef = 09B490042ACCF4F200273F0E /* Bundle+JsonFileReader.swift */; };
		09B490072ACCF6FB00273F0E /* CloudConfig.swift in Sources */ = {isa = PBXBuildFile; fileRef = 09B490062ACCF6FB00273F0E /* CloudConfig.swift */; };
		09B4900C2ACD01A900273F0E /* quadientcloud.json in Resources */ = {isa = PBXBuildFile; fileRef = 09B4900B2ACD01A900273F0E /* quadientcloud.json */; };
		09B727E42AD4548A006BDA40 /* SessionBannerMenu.swift in Sources */ = {isa = PBXBuildFile; fileRef = 09B727E32AD4548A006BDA40 /* SessionBannerMenu.swift */; };
		09B727E62AD45684006BDA40 /* SettingsView.swift in Sources */ = {isa = PBXBuildFile; fileRef = 09B727E52AD45684006BDA40 /* SettingsView.swift */; };
		09B727E82AD5006B006BDA40 /* GenerateClient.swift in Sources */ = {isa = PBXBuildFile; fileRef = 09B727E72AD5006B006BDA40 /* GenerateClient.swift */; };
		E1003D412AE6C3160040081C /* AdvantageSdkLite.xcframework in Frameworks */ = {isa = PBXBuildFile; fileRef = E1003D402AE6C3160040081C /* AdvantageSdkLite.xcframework */; };
		E1003D462AE87D3C0040081C /* AdvantageSdkModel.swift in Sources */ = {isa = PBXBuildFile; fileRef = E1003D452AE87D3C0040081C /* AdvantageSdkModel.swift */; };
		E1003D482AEEC4360040081C /* CloudConfigSettings.swift in Sources */ = {isa = PBXBuildFile; fileRef = E1003D472AEEC4360040081C /* CloudConfigSettings.swift */; };
		EB1292A72AD5B4F10000AB85 /* HomeView.swift in Sources */ = {isa = PBXBuildFile; fileRef = EB1292A62AD5B4F10000AB85 /* HomeView.swift */; };
		EB2513552ABB7BE9003AF103 /* CheckInView.swift in Sources */ = {isa = PBXBuildFile; fileRef = EB2513542ABB7BE9003AF103 /* CheckInView.swift */; };
		EB4FD0C32ACF5DF1009B1D2C /* reservations.json in Resources */ = {isa = PBXBuildFile; fileRef = EB4FD0C22ACF5DF1009B1D2C /* reservations.json */; };
		EB895AF42ACDCF2200BF7711 /* Activity.swift in Sources */ = {isa = PBXBuildFile; fileRef = EB895AF32ACDCF2200BF7711 /* Activity.swift */; };
		EBCC40712ADF089B0075F3CF /* splashVideo.mp4 in Resources */ = {isa = PBXBuildFile; fileRef = EBCC40702ADF07180075F3CF /* splashVideo.mp4 */; };
		EBF7ACA92AB8905C00731645 /* SessionBannerView.swift in Sources */ = {isa = PBXBuildFile; fileRef = EBF7ACA82AB8905C00731645 /* SessionBannerView.swift */; };
		EBF7ACAB2AB8935E00731645 /* HotelBannerView.swift in Sources */ = {isa = PBXBuildFile; fileRef = EBF7ACAA2AB8935E00731645 /* HotelBannerView.swift */; };
		EBF7ACAD2AB8949F00731645 /* ReservationDetailsView.swift in Sources */ = {isa = PBXBuildFile; fileRef = EBF7ACAC2AB8949F00731645 /* ReservationDetailsView.swift */; };
/* End PBXBuildFile section */

/* Begin PBXContainerItemProxy section */
		099B12742AB201A200DA4B8F /* PBXContainerItemProxy */ = {
			isa = PBXContainerItemProxy;
			containerPortal = 099B125A2AB201A000DA4B8F /* Project object */;
			proxyType = 1;
			remoteGlobalIDString = 099B12612AB201A000DA4B8F;
			remoteInfo = HospitalityDemo;
		};
		099B127E2AB201A200DA4B8F /* PBXContainerItemProxy */ = {
			isa = PBXContainerItemProxy;
			containerPortal = 099B125A2AB201A000DA4B8F /* Project object */;
			proxyType = 1;
			remoteGlobalIDString = 099B12612AB201A000DA4B8F;
			remoteInfo = HospitalityDemo;
		};
/* End PBXContainerItemProxy section */

/* Begin PBXFileReference section */
		0916E3BB2ACDD3E0000801D0 /* UserNotifications.framework */ = {isa = PBXFileReference; lastKnownFileType = wrapper.framework; name = UserNotifications.framework; path = Platforms/iPhoneOS.platform/Developer/SDKs/iPhoneOS17.0.sdk/System/Library/Frameworks/UserNotifications.framework; sourceTree = DEVELOPER_DIR; };
		0916E3BD2ACE7154000801D0 /* Info.plist */ = {isa = PBXFileReference; lastKnownFileType = text.plist; path = Info.plist; sourceTree = "<group>"; };
		0967352F2AD0CA3B00C6AEE0 /* DocumentView.swift */ = {isa = PBXFileReference; lastKnownFileType = sourcecode.swift; path = DocumentView.swift; sourceTree = "<group>"; };
		096735392AD36EBC00C6AEE0 /* DCViewController.swift */ = {isa = PBXFileReference; lastKnownFileType = sourcecode.swift; path = DCViewController.swift; sourceTree = "<group>"; };
		097C72232ADD85DA007398A5 /* UIApplication+Version.swift */ = {isa = PBXFileReference; lastKnownFileType = sourcecode.swift; path = "UIApplication+Version.swift"; sourceTree = "<group>"; };
		097C72292ADEF98C007398A5 /* Stay.swift */ = {isa = PBXFileReference; lastKnownFileType = sourcecode.swift; path = Stay.swift; sourceTree = "<group>"; };
		097C722B2ADF0DA8007398A5 /* CheckOutConfirmView.swift */ = {isa = PBXFileReference; lastKnownFileType = sourcecode.swift; path = CheckOutConfirmView.swift; sourceTree = "<group>"; };
		097FB71A2AD8643300305AE0 /* StayModel.swift */ = {isa = PBXFileReference; lastKnownFileType = sourcecode.swift; path = StayModel.swift; sourceTree = "<group>"; };
		097FB71C2AD87B6700305AE0 /* ReservationsListView.swift */ = {isa = PBXFileReference; lastKnownFileType = sourcecode.swift; path = ReservationsListView.swift; sourceTree = "<group>"; };
		097FB71E2AD88CB900305AE0 /* CheckInConfirmView.swift */ = {isa = PBXFileReference; lastKnownFileType = sourcecode.swift; path = CheckInConfirmView.swift; sourceTree = "<group>"; };
		097FB7202AD8CCC000305AE0 /* ReservationCardView.swift */ = {isa = PBXFileReference; lastKnownFileType = sourcecode.swift; path = ReservationCardView.swift; sourceTree = "<group>"; };
		097FB7222AD8D68900305AE0 /* RatingView.swift */ = {isa = PBXFileReference; lastKnownFileType = sourcecode.swift; path = RatingView.swift; sourceTree = "<group>"; };
		097FB7242AD8F5A900305AE0 /* Tabs.swift */ = {isa = PBXFileReference; lastKnownFileType = sourcecode.swift; path = Tabs.swift; sourceTree = "<group>"; };
		097FB7282AD999FE00305AE0 /* ActivityItemView.swift */ = {isa = PBXFileReference; lastKnownFileType = sourcecode.swift; path = ActivityItemView.swift; sourceTree = "<group>"; };
		097FB72A2AD9C05A00305AE0 /* splash.gif */ = {isa = PBXFileReference; lastKnownFileType = image.gif; path = splash.gif; sourceTree = "<group>"; };
		097FB72C2AD9C41F00305AE0 /* LaunchScreenView.swift */ = {isa = PBXFileReference; lastKnownFileType = sourcecode.swift; path = LaunchScreenView.swift; sourceTree = "<group>"; };
		097FB72E2AD9D1CD00305AE0 /* GifImage.swift */ = {isa = PBXFileReference; lastKnownFileType = sourcecode.swift; path = GifImage.swift; sourceTree = "<group>"; };
		097FB7302ADA5F7800305AE0 /* Localizable.xcstrings */ = {isa = PBXFileReference; lastKnownFileType = text.json.xcstrings; path = Localizable.xcstrings; sourceTree = "<group>"; };
		099A2FB82ABB325C00BA95E5 /* libFMDB.a */ = {isa = PBXFileReference; lastKnownFileType = archive.ar; name = libFMDB.a; path = HospitalityDemo/Shared/Libraries/libFMDB.a; sourceTree = "<group>"; };
		099A2FBA2ABB325C00BA95E5 /* libSQLCipher.a */ = {isa = PBXFileReference; lastKnownFileType = archive.ar; name = libSQLCipher.a; path = HospitalityDemo/Shared/Libraries/libSQLCipher.a; sourceTree = "<group>"; };
		099AC4392AB4F7D60023D8B3 /* CheckOutView.swift */ = {isa = PBXFileReference; lastKnownFileType = sourcecode.swift; path = CheckOutView.swift; sourceTree = "<group>"; };
		099AC43B2AB4FB7F0023D8B3 /* Reservation.swift */ = {isa = PBXFileReference; lastKnownFileType = sourcecode.swift; path = Reservation.swift; sourceTree = "<group>"; };
		099AC43D2AB7D21A0023D8B3 /* LoadingView.swift */ = {isa = PBXFileReference; lastKnownFileType = sourcecode.swift; path = LoadingView.swift; sourceTree = "<group>"; };
		099AC43F2AB7D4C40023D8B3 /* LoginView.swift */ = {isa = PBXFileReference; lastKnownFileType = sourcecode.swift; path = LoginView.swift; sourceTree = "<group>"; };
		099AC4422AB7D8180023D8B3 /* WebView.swift */ = {isa = PBXFileReference; lastKnownFileType = sourcecode.swift; path = WebView.swift; sourceTree = "<group>"; };
		099AC4442AB7DBC20023D8B3 /* ConciergeView.swift */ = {isa = PBXFileReference; lastKnownFileType = sourcecode.swift; path = ConciergeView.swift; sourceTree = "<group>"; };
		099AC4462AB7DD030023D8B3 /* ActivityListView.swift */ = {isa = PBXFileReference; lastKnownFileType = sourcecode.swift; path = ActivityListView.swift; sourceTree = "<group>"; };
		099AC4582AB8D5090023D8B3 /* HospitalityDemo-BridgingHeader.h */ = {isa = PBXFileReference; lastKnownFileType = sourcecode.c.h; path = "HospitalityDemo-BridgingHeader.h"; sourceTree = "<group>"; };
		099B12622AB201A000DA4B8F /* HospitalityDemo.app */ = {isa = PBXFileReference; explicitFileType = wrapper.application; includeInIndex = 0; path = HospitalityDemo.app; sourceTree = BUILT_PRODUCTS_DIR; };
		099B12652AB201A000DA4B8F /* HospitalityDemoApp.swift */ = {isa = PBXFileReference; lastKnownFileType = sourcecode.swift; path = HospitalityDemoApp.swift; sourceTree = "<group>"; };
		099B12672AB201A000DA4B8F /* ContentView.swift */ = {isa = PBXFileReference; lastKnownFileType = sourcecode.swift; path = ContentView.swift; sourceTree = "<group>"; };
		099B12692AB201A200DA4B8F /* Assets.xcassets */ = {isa = PBXFileReference; lastKnownFileType = folder.assetcatalog; path = Assets.xcassets; sourceTree = "<group>"; };
		099B126B2AB201A200DA4B8F /* HospitalityDemo.entitlements */ = {isa = PBXFileReference; lastKnownFileType = text.plist.entitlements; path = HospitalityDemo.entitlements; sourceTree = "<group>"; };
		099B126D2AB201A200DA4B8F /* Preview Assets.xcassets */ = {isa = PBXFileReference; lastKnownFileType = folder.assetcatalog; path = "Preview Assets.xcassets"; sourceTree = "<group>"; };
		099B12732AB201A200DA4B8F /* HospitalityDemoTests.xctest */ = {isa = PBXFileReference; explicitFileType = wrapper.cfbundle; includeInIndex = 0; path = HospitalityDemoTests.xctest; sourceTree = BUILT_PRODUCTS_DIR; };
		099B12772AB201A200DA4B8F /* HospitalityDemoTests.swift */ = {isa = PBXFileReference; lastKnownFileType = sourcecode.swift; path = HospitalityDemoTests.swift; sourceTree = "<group>"; };
		099B127D2AB201A200DA4B8F /* HospitalityDemoUITests.xctest */ = {isa = PBXFileReference; explicitFileType = wrapper.cfbundle; includeInIndex = 0; path = HospitalityDemoUITests.xctest; sourceTree = BUILT_PRODUCTS_DIR; };
		099B12812AB201A200DA4B8F /* HospitalityDemoUITests.swift */ = {isa = PBXFileReference; lastKnownFileType = sourcecode.swift; path = HospitalityDemoUITests.swift; sourceTree = "<group>"; };
		099B12832AB201A200DA4B8F /* HospitalityDemoUITestsLaunchTests.swift */ = {isa = PBXFileReference; lastKnownFileType = sourcecode.swift; path = HospitalityDemoUITestsLaunchTests.swift; sourceTree = "<group>"; };
		09B48FFF2ACC5DA700273F0E /* UserPreferences.swift */ = {isa = PBXFileReference; lastKnownFileType = sourcecode.swift; path = UserPreferences.swift; sourceTree = "<group>"; };
		09B490012ACCDF2D00273F0E /* ErrorView.swift */ = {isa = PBXFileReference; lastKnownFileType = sourcecode.swift; path = ErrorView.swift; sourceTree = "<group>"; };
		09B490042ACCF4F200273F0E /* Bundle+JsonFileReader.swift */ = {isa = PBXFileReference; lastKnownFileType = sourcecode.swift; path = "Bundle+JsonFileReader.swift"; sourceTree = "<group>"; };
		09B490062ACCF6FB00273F0E /* CloudConfig.swift */ = {isa = PBXFileReference; lastKnownFileType = sourcecode.swift; path = CloudConfig.swift; sourceTree = "<group>"; };
		09B4900B2ACD01A900273F0E /* quadientcloud.json */ = {isa = PBXFileReference; fileEncoding = 4; lastKnownFileType = text.json; path = quadientcloud.json; sourceTree = "<group>"; };
		09B727E32AD4548A006BDA40 /* SessionBannerMenu.swift */ = {isa = PBXFileReference; lastKnownFileType = sourcecode.swift; path = SessionBannerMenu.swift; sourceTree = "<group>"; };
		09B727E52AD45684006BDA40 /* SettingsView.swift */ = {isa = PBXFileReference; lastKnownFileType = sourcecode.swift; path = SettingsView.swift; sourceTree = "<group>"; };
		09B727E72AD5006B006BDA40 /* GenerateClient.swift */ = {isa = PBXFileReference; lastKnownFileType = sourcecode.swift; path = GenerateClient.swift; sourceTree = "<group>"; };
		E1003D402AE6C3160040081C /* AdvantageSdkLite.xcframework */ = {isa = PBXFileReference; lastKnownFileType = wrapper.xcframework; name = AdvantageSdkLite.xcframework; path = HospitalityDemo/Shared/Libraries/AdvantageSdkLite.xcframework; sourceTree = "<group>"; };
		E1003D452AE87D3C0040081C /* AdvantageSdkModel.swift */ = {isa = PBXFileReference; lastKnownFileType = sourcecode.swift; path = AdvantageSdkModel.swift; sourceTree = "<group>"; };
		E1003D472AEEC4360040081C /* CloudConfigSettings.swift */ = {isa = PBXFileReference; lastKnownFileType = sourcecode.swift; path = CloudConfigSettings.swift; sourceTree = "<group>"; };
		EB1292A62AD5B4F10000AB85 /* HomeView.swift */ = {isa = PBXFileReference; lastKnownFileType = sourcecode.swift; path = HomeView.swift; sourceTree = "<group>"; };
		EB2513542ABB7BE9003AF103 /* CheckInView.swift */ = {isa = PBXFileReference; lastKnownFileType = sourcecode.swift; path = CheckInView.swift; sourceTree = "<group>"; };
		EB4FD0C22ACF5DF1009B1D2C /* reservations.json */ = {isa = PBXFileReference; fileEncoding = 4; lastKnownFileType = text.json; path = reservations.json; sourceTree = "<group>"; };
		EB895AF32ACDCF2200BF7711 /* Activity.swift */ = {isa = PBXFileReference; lastKnownFileType = sourcecode.swift; path = Activity.swift; sourceTree = "<group>"; };
		EBCC40702ADF07180075F3CF /* splashVideo.mp4 */ = {isa = PBXFileReference; lastKnownFileType = file; path = splashVideo.mp4; sourceTree = "<group>"; };
		EBF7ACA82AB8905C00731645 /* SessionBannerView.swift */ = {isa = PBXFileReference; lastKnownFileType = sourcecode.swift; path = SessionBannerView.swift; sourceTree = "<group>"; };
		EBF7ACAA2AB8935E00731645 /* HotelBannerView.swift */ = {isa = PBXFileReference; lastKnownFileType = sourcecode.swift; path = HotelBannerView.swift; sourceTree = "<group>"; };
		EBF7ACAC2AB8949F00731645 /* ReservationDetailsView.swift */ = {isa = PBXFileReference; lastKnownFileType = sourcecode.swift; path = ReservationDetailsView.swift; sourceTree = "<group>"; };
/* End PBXFileReference section */

/* Begin PBXFrameworksBuildPhase section */
		099B125F2AB201A000DA4B8F /* Frameworks */ = {
			isa = PBXFrameworksBuildPhase;
			buildActionMask = 2147483647;
			files = (
				0916E3BC2ACDD3E1000801D0 /* UserNotifications.framework in Frameworks */,
				099A2FBE2ABC86CC00BA95E5 /* libFMDB.a in Frameworks */,
				E1003D412AE6C3160040081C /* AdvantageSdkLite.xcframework in Frameworks */,
				099A2FBF2ABC86D000BA95E5 /* libSQLCipher.a in Frameworks */,
			);
			runOnlyForDeploymentPostprocessing = 0;
		};
		099B12702AB201A200DA4B8F /* Frameworks */ = {
			isa = PBXFrameworksBuildPhase;
			buildActionMask = 2147483647;
			files = (
			);
			runOnlyForDeploymentPostprocessing = 0;
		};
		099B127A2AB201A200DA4B8F /* Frameworks */ = {
			isa = PBXFrameworksBuildPhase;
			buildActionMask = 2147483647;
			files = (
			);
			runOnlyForDeploymentPostprocessing = 0;
		};
/* End PBXFrameworksBuildPhase section */

/* Begin PBXGroup section */
		097C72222ADD84CA007398A5 /* Extensions */ = {
			isa = PBXGroup;
			children = (
				09B490042ACCF4F200273F0E /* Bundle+JsonFileReader.swift */,
				097C72232ADD85DA007398A5 /* UIApplication+Version.swift */,
			);
			path = Extensions;
			sourceTree = "<group>";
		};
		099AC4262AB4B6FE0023D8B3 /* Application */ = {
			isa = PBXGroup;
			children = (
				099B12652AB201A000DA4B8F /* HospitalityDemoApp.swift */,
				099B12672AB201A000DA4B8F /* ContentView.swift */,
				097FB72C2AD9C41F00305AE0 /* LaunchScreenView.swift */,
				097FB7242AD8F5A900305AE0 /* Tabs.swift */,
			);
			path = Application;
			sourceTree = "<group>";
		};
		099AC4292AB4E2B40023D8B3 /* Shared */ = {
			isa = PBXGroup;
			children = (
				097C72222ADD84CA007398A5 /* Extensions */,
				099AC44A2AB8BF0B0023D8B3 /* Libraries */,
				099AC42F2AB4E5810023D8B3 /* Models */,
				099AC42A2AB4E2CE0023D8B3 /* Services */,
				099AC4302AB4E58E0023D8B3 /* Views */,
			);
			path = Shared;
			sourceTree = "<group>";
		};
		099AC42A2AB4E2CE0023D8B3 /* Services */ = {
			isa = PBXGroup;
			children = (
				E1003D452AE87D3C0040081C /* AdvantageSdkModel.swift */,
				E1003D472AEEC4360040081C /* CloudConfigSettings.swift */,
				09B727E72AD5006B006BDA40 /* GenerateClient.swift */,
				097FB71A2AD8643300305AE0 /* StayModel.swift */,
				09B48FFF2ACC5DA700273F0E /* UserPreferences.swift */,
			);
			path = Services;
			sourceTree = "<group>";
		};
		099AC42F2AB4E5810023D8B3 /* Models */ = {
			isa = PBXGroup;
			children = (
				EB895AF32ACDCF2200BF7711 /* Activity.swift */,
				09B490062ACCF6FB00273F0E /* CloudConfig.swift */,
				099AC43B2AB4FB7F0023D8B3 /* Reservation.swift */,
				097C72292ADEF98C007398A5 /* Stay.swift */,
			);
			path = Models;
			sourceTree = "<group>";
		};
		099AC4302AB4E58E0023D8B3 /* Views */ = {
			isa = PBXGroup;
			children = (
				EBF7ACAA2AB8935E00731645 /* HotelBannerView.swift */,
				099AC43D2AB7D21A0023D8B3 /* LoadingView.swift */,
				099AC43F2AB7D4C40023D8B3 /* LoginView.swift */,
				099AC4422AB7D8180023D8B3 /* WebView.swift */,
				EBF7ACA82AB8905C00731645 /* SessionBannerView.swift */,
				09B727E32AD4548A006BDA40 /* SessionBannerMenu.swift */,
				09B490012ACCDF2D00273F0E /* ErrorView.swift */,
				0967352F2AD0CA3B00C6AEE0 /* DocumentView.swift */,
				096735392AD36EBC00C6AEE0 /* DCViewController.swift */,
				09B727E52AD45684006BDA40 /* SettingsView.swift */,
				097FB7222AD8D68900305AE0 /* RatingView.swift */,
				097FB72E2AD9D1CD00305AE0 /* GifImage.swift */,
			);
			path = Views;
			sourceTree = "<group>";
		};
		099AC4312AB4E5A10023D8B3 /* Trips */ = {
			isa = PBXGroup;
			children = (
				EB2513542ABB7BE9003AF103 /* CheckInView.swift */,
				097FB71E2AD88CB900305AE0 /* CheckInConfirmView.swift */,
				097FB71C2AD87B6700305AE0 /* ReservationsListView.swift */,
				097FB7202AD8CCC000305AE0 /* ReservationCardView.swift */,
				EBF7ACAC2AB8949F00731645 /* ReservationDetailsView.swift */,
			);
			path = Trips;
			sourceTree = "<group>";
		};
		099AC4382AB4F7B60023D8B3 /* CheckOut */ = {
			isa = PBXGroup;
			children = (
				099AC4392AB4F7D60023D8B3 /* CheckOutView.swift */,
				097C722B2ADF0DA8007398A5 /* CheckOutConfirmView.swift */,
			);
			path = CheckOut;
			sourceTree = "<group>";
		};
		099AC4412AB7D7F60023D8B3 /* Concierge */ = {
			isa = PBXGroup;
			children = (
				099AC4442AB7DBC20023D8B3 /* ConciergeView.swift */,
			);
			path = Concierge;
			sourceTree = "<group>";
		};
		099AC4482AB7DD0D0023D8B3 /* Activity */ = {
			isa = PBXGroup;
			children = (
				099AC4462AB7DD030023D8B3 /* ActivityListView.swift */,
				097FB7282AD999FE00305AE0 /* ActivityItemView.swift */,
			);
			path = Activity;
			sourceTree = "<group>";
		};
		099AC44A2AB8BF0B0023D8B3 /* Libraries */ = {
			isa = PBXGroup;
			children = (
				099AC4582AB8D5090023D8B3 /* HospitalityDemo-BridgingHeader.h */,
			);
			path = Libraries;
			sourceTree = "<group>";
		};
		099AC44B2AB8CCB80023D8B3 /* Frameworks */ = {
			isa = PBXGroup;
			children = (
				E1003D402AE6C3160040081C /* AdvantageSdkLite.xcframework */,
				0916E3BB2ACDD3E0000801D0 /* UserNotifications.framework */,
				099A2FB82ABB325C00BA95E5 /* libFMDB.a */,
				099A2FBA2ABB325C00BA95E5 /* libSQLCipher.a */,
			);
			name = Frameworks;
			sourceTree = "<group>";
		};
		099B12592AB201A000DA4B8F = {
			isa = PBXGroup;
			children = (
				099B12642AB201A000DA4B8F /* HospitalityDemo */,
				099B12762AB201A200DA4B8F /* HospitalityDemoTests */,
				099B12802AB201A200DA4B8F /* HospitalityDemoUITests */,
				099B12632AB201A000DA4B8F /* Products */,
				099AC44B2AB8CCB80023D8B3 /* Frameworks */,
			);
			sourceTree = "<group>";
		};
		099B12632AB201A000DA4B8F /* Products */ = {
			isa = PBXGroup;
			children = (
				099B12622AB201A000DA4B8F /* HospitalityDemo.app */,
				099B12732AB201A200DA4B8F /* HospitalityDemoTests.xctest */,
				099B127D2AB201A200DA4B8F /* HospitalityDemoUITests.xctest */,
			);
			name = Products;
			sourceTree = "<group>";
		};
		099B12642AB201A000DA4B8F /* HospitalityDemo */ = {
			isa = PBXGroup;
			children = (
				0916E3BD2ACE7154000801D0 /* Info.plist */,
				099AC4262AB4B6FE0023D8B3 /* Application */,
				099AC4482AB7DD0D0023D8B3 /* Activity */,
				099AC4382AB4F7B60023D8B3 /* CheckOut */,
				099AC4412AB7D7F60023D8B3 /* Concierge */,
				EB1292A52AD5B4DC0000AB85 /* Home */,
				099AC4312AB4E5A10023D8B3 /* Trips */,
				09B490082ACD00B800273F0E /* Resources */,
				099AC4292AB4E2B40023D8B3 /* Shared */,
				099B12692AB201A200DA4B8F /* Assets.xcassets */,
				099B126B2AB201A200DA4B8F /* HospitalityDemo.entitlements */,
				099B126C2AB201A200DA4B8F /* Preview Content */,
			);
			path = HospitalityDemo;
			sourceTree = "<group>";
		};
		099B126C2AB201A200DA4B8F /* Preview Content */ = {
			isa = PBXGroup;
			children = (
				099B126D2AB201A200DA4B8F /* Preview Assets.xcassets */,
			);
			path = "Preview Content";
			sourceTree = "<group>";
		};
		099B12762AB201A200DA4B8F /* HospitalityDemoTests */ = {
			isa = PBXGroup;
			children = (
				099B12772AB201A200DA4B8F /* HospitalityDemoTests.swift */,
			);
			path = HospitalityDemoTests;
			sourceTree = "<group>";
		};
		099B12802AB201A200DA4B8F /* HospitalityDemoUITests */ = {
			isa = PBXGroup;
			children = (
				099B12812AB201A200DA4B8F /* HospitalityDemoUITests.swift */,
				099B12832AB201A200DA4B8F /* HospitalityDemoUITestsLaunchTests.swift */,
			);
			path = HospitalityDemoUITests;
			sourceTree = "<group>";
		};
		09B490082ACD00B800273F0E /* Resources */ = {
			isa = PBXGroup;
			children = (
				EB4FD0C22ACF5DF1009B1D2C /* reservations.json */,
				09B4900B2ACD01A900273F0E /* quadientcloud.json */,
				EBCC40702ADF07180075F3CF /* splashVideo.mp4 */,
				097FB72A2AD9C05A00305AE0 /* splash.gif */,
				097FB7302ADA5F7800305AE0 /* Localizable.xcstrings */,
			);
			path = Resources;
			sourceTree = "<group>";
		};
		EB1292A52AD5B4DC0000AB85 /* Home */ = {
			isa = PBXGroup;
			children = (
				EB1292A62AD5B4F10000AB85 /* HomeView.swift */,
			);
			path = Home;
			sourceTree = "<group>";
		};
/* End PBXGroup section */

/* Begin PBXNativeTarget section */
		099B12612AB201A000DA4B8F /* HospitalityDemo */ = {
			isa = PBXNativeTarget;
			buildConfigurationList = 099B12872AB201A200DA4B8F /* Build configuration list for PBXNativeTarget "HospitalityDemo" */;
			buildPhases = (
				099B125E2AB201A000DA4B8F /* Sources */,
				099B125F2AB201A000DA4B8F /* Frameworks */,
				099B12602AB201A000DA4B8F /* Resources */,
			);
			buildRules = (
			);
			dependencies = (
			);
			name = HospitalityDemo;
			productName = HospitalityDemo;
			productReference = 099B12622AB201A000DA4B8F /* HospitalityDemo.app */;
			productType = "com.apple.product-type.application";
		};
		099B12722AB201A200DA4B8F /* HospitalityDemoTests */ = {
			isa = PBXNativeTarget;
			buildConfigurationList = 099B128A2AB201A200DA4B8F /* Build configuration list for PBXNativeTarget "HospitalityDemoTests" */;
			buildPhases = (
				099B126F2AB201A200DA4B8F /* Sources */,
				099B12702AB201A200DA4B8F /* Frameworks */,
				099B12712AB201A200DA4B8F /* Resources */,
			);
			buildRules = (
			);
			dependencies = (
				099B12752AB201A200DA4B8F /* PBXTargetDependency */,
			);
			name = HospitalityDemoTests;
			productName = HospitalityDemoTests;
			productReference = 099B12732AB201A200DA4B8F /* HospitalityDemoTests.xctest */;
			productType = "com.apple.product-type.bundle.unit-test";
		};
		099B127C2AB201A200DA4B8F /* HospitalityDemoUITests */ = {
			isa = PBXNativeTarget;
			buildConfigurationList = 099B128D2AB201A200DA4B8F /* Build configuration list for PBXNativeTarget "HospitalityDemoUITests" */;
			buildPhases = (
				099B12792AB201A200DA4B8F /* Sources */,
				099B127A2AB201A200DA4B8F /* Frameworks */,
				099B127B2AB201A200DA4B8F /* Resources */,
			);
			buildRules = (
			);
			dependencies = (
				099B127F2AB201A200DA4B8F /* PBXTargetDependency */,
			);
			name = HospitalityDemoUITests;
			productName = HospitalityDemoUITests;
			productReference = 099B127D2AB201A200DA4B8F /* HospitalityDemoUITests.xctest */;
			productType = "com.apple.product-type.bundle.ui-testing";
		};
/* End PBXNativeTarget section */

/* Begin PBXProject section */
		099B125A2AB201A000DA4B8F /* Project object */ = {
			isa = PBXProject;
			attributes = {
				BuildIndependentTargetsInParallel = 1;
				LastSwiftUpdateCheck = 1430;
				LastUpgradeCheck = 1500;
				TargetAttributes = {
					099B12612AB201A000DA4B8F = {
						CreatedOnToolsVersion = 14.3.1;
					};
					099B12722AB201A200DA4B8F = {
						CreatedOnToolsVersion = 14.3.1;
						TestTargetID = 099B12612AB201A000DA4B8F;
					};
					099B127C2AB201A200DA4B8F = {
						CreatedOnToolsVersion = 14.3.1;
						TestTargetID = 099B12612AB201A000DA4B8F;
					};
				};
			};
			buildConfigurationList = 099B125D2AB201A000DA4B8F /* Build configuration list for PBXProject "HospitalityDemo" */;
			compatibilityVersion = "Xcode 14.0";
			developmentRegion = en;
			hasScannedForEncodings = 0;
			knownRegions = (
				en,
				Base,
				es,
			);
			mainGroup = 099B12592AB201A000DA4B8F;
			productRefGroup = 099B12632AB201A000DA4B8F /* Products */;
			projectDirPath = "";
			projectRoot = "";
			targets = (
				099B12612AB201A000DA4B8F /* HospitalityDemo */,
				099B12722AB201A200DA4B8F /* HospitalityDemoTests */,
				099B127C2AB201A200DA4B8F /* HospitalityDemoUITests */,
			);
		};
/* End PBXProject section */

/* Begin PBXResourcesBuildPhase section */
		099B12602AB201A000DA4B8F /* Resources */ = {
			isa = PBXResourcesBuildPhase;
			buildActionMask = 2147483647;
			files = (
				099B126E2AB201A200DA4B8F /* Preview Assets.xcassets in Resources */,
				099B126A2AB201A200DA4B8F /* Assets.xcassets in Resources */,
				097FB7312ADA5F7800305AE0 /* Localizable.xcstrings in Resources */,
				EBCC40712ADF089B0075F3CF /* splashVideo.mp4 in Resources */,
				09B4900C2ACD01A900273F0E /* quadientcloud.json in Resources */,
				EB4FD0C32ACF5DF1009B1D2C /* reservations.json in Resources */,
				097FB72B2AD9C05A00305AE0 /* splash.gif in Resources */,
			);
			runOnlyForDeploymentPostprocessing = 0;
		};
		099B12712AB201A200DA4B8F /* Resources */ = {
			isa = PBXResourcesBuildPhase;
			buildActionMask = 2147483647;
			files = (
			);
			runOnlyForDeploymentPostprocessing = 0;
		};
		099B127B2AB201A200DA4B8F /* Resources */ = {
			isa = PBXResourcesBuildPhase;
			buildActionMask = 2147483647;
			files = (
			);
			runOnlyForDeploymentPostprocessing = 0;
		};
/* End PBXResourcesBuildPhase section */

/* Begin PBXSourcesBuildPhase section */
		099B125E2AB201A000DA4B8F /* Sources */ = {
			isa = PBXSourcesBuildPhase;
			buildActionMask = 2147483647;
			files = (
				09B727E82AD5006B006BDA40 /* GenerateClient.swift in Sources */,
				099AC43A2AB4F7D60023D8B3 /* CheckOutView.swift in Sources */,
				099AC4432AB7D8180023D8B3 /* WebView.swift in Sources */,
				099AC43C2AB4FB7F0023D8B3 /* Reservation.swift in Sources */,
				097FB71B2AD8643300305AE0 /* StayModel.swift in Sources */,
				096735302AD0CA3B00C6AEE0 /* DocumentView.swift in Sources */,
				EB895AF42ACDCF2200BF7711 /* Activity.swift in Sources */,
				EBF7ACAB2AB8935E00731645 /* HotelBannerView.swift in Sources */,
				099AC4402AB7D4C40023D8B3 /* LoginView.swift in Sources */,
				099AC43E2AB7D21A0023D8B3 /* LoadingView.swift in Sources */,
				09B490022ACCDF2D00273F0E /* ErrorView.swift in Sources */,
				097FB7292AD999FE00305AE0 /* ActivityItemView.swift in Sources */,
				097C72242ADD85DA007398A5 /* UIApplication+Version.swift in Sources */,
				099AC4452AB7DBC20023D8B3 /* ConciergeView.swift in Sources */,
				097FB7232AD8D68900305AE0 /* RatingView.swift in Sources */,
				097FB7212AD8CCC000305AE0 /* ReservationCardView.swift in Sources */,
				E1003D462AE87D3C0040081C /* AdvantageSdkModel.swift in Sources */,
				EB2513552ABB7BE9003AF103 /* CheckInView.swift in Sources */,
				09B490052ACCF4F200273F0E /* Bundle+JsonFileReader.swift in Sources */,
				EBF7ACAD2AB8949F00731645 /* ReservationDetailsView.swift in Sources */,
				099AC4472AB7DD030023D8B3 /* ActivityListView.swift in Sources */,
				09B727E62AD45684006BDA40 /* SettingsView.swift in Sources */,
				099B12682AB201A000DA4B8F /* ContentView.swift in Sources */,
				0967353A2AD36EBC00C6AEE0 /* DCViewController.swift in Sources */,
				09B490002ACC5DA700273F0E /* UserPreferences.swift in Sources */,
				EBF7ACA92AB8905C00731645 /* SessionBannerView.swift in Sources */,
				097FB7252AD8F5A900305AE0 /* Tabs.swift in Sources */,
				097FB71F2AD88CBA00305AE0 /* CheckInConfirmView.swift in Sources */,
				099B12662AB201A000DA4B8F /* HospitalityDemoApp.swift in Sources */,
				EB1292A72AD5B4F10000AB85 /* HomeView.swift in Sources */,
				09B490072ACCF6FB00273F0E /* CloudConfig.swift in Sources */,
				097C722A2ADEF98C007398A5 /* Stay.swift in Sources */,
				097FB72D2AD9C41F00305AE0 /* LaunchScreenView.swift in Sources */,
				097C722C2ADF0DA8007398A5 /* CheckOutConfirmView.swift in Sources */,
				E1003D482AEEC4360040081C /* CloudConfigSettings.swift in Sources */,
				09B727E42AD4548A006BDA40 /* SessionBannerMenu.swift in Sources */,
				097FB72F2AD9D1CD00305AE0 /* GifImage.swift in Sources */,
				097FB71D2AD87B6700305AE0 /* ReservationsListView.swift in Sources */,
			);
			runOnlyForDeploymentPostprocessing = 0;
		};
		099B126F2AB201A200DA4B8F /* Sources */ = {
			isa = PBXSourcesBuildPhase;
			buildActionMask = 2147483647;
			files = (
				099B12782AB201A200DA4B8F /* HospitalityDemoTests.swift in Sources */,
			);
			runOnlyForDeploymentPostprocessing = 0;
		};
		099B12792AB201A200DA4B8F /* Sources */ = {
			isa = PBXSourcesBuildPhase;
			buildActionMask = 2147483647;
			files = (
				099B12842AB201A200DA4B8F /* HospitalityDemoUITestsLaunchTests.swift in Sources */,
				099B12822AB201A200DA4B8F /* HospitalityDemoUITests.swift in Sources */,
			);
			runOnlyForDeploymentPostprocessing = 0;
		};
/* End PBXSourcesBuildPhase section */

/* Begin PBXTargetDependency section */
		099B12752AB201A200DA4B8F /* PBXTargetDependency */ = {
			isa = PBXTargetDependency;
			target = 099B12612AB201A000DA4B8F /* HospitalityDemo */;
			targetProxy = 099B12742AB201A200DA4B8F /* PBXContainerItemProxy */;
		};
		099B127F2AB201A200DA4B8F /* PBXTargetDependency */ = {
			isa = PBXTargetDependency;
			target = 099B12612AB201A000DA4B8F /* HospitalityDemo */;
			targetProxy = 099B127E2AB201A200DA4B8F /* PBXContainerItemProxy */;
		};
/* End PBXTargetDependency section */

/* Begin XCBuildConfiguration section */
		099B12852AB201A200DA4B8F /* Debug */ = {
			isa = XCBuildConfiguration;
			buildSettings = {
				ALWAYS_SEARCH_USER_PATHS = NO;
				CLANG_ANALYZER_NONNULL = YES;
				CLANG_ANALYZER_NUMBER_OBJECT_CONVERSION = YES_AGGRESSIVE;
				CLANG_CXX_LANGUAGE_STANDARD = "gnu++20";
				CLANG_ENABLE_MODULES = YES;
				CLANG_ENABLE_OBJC_ARC = YES;
				CLANG_ENABLE_OBJC_WEAK = YES;
				CLANG_WARN_BLOCK_CAPTURE_AUTORELEASING = YES;
				CLANG_WARN_BOOL_CONVERSION = YES;
				CLANG_WARN_COMMA = YES;
				CLANG_WARN_CONSTANT_CONVERSION = YES;
				CLANG_WARN_DEPRECATED_OBJC_IMPLEMENTATIONS = YES;
				CLANG_WARN_DIRECT_OBJC_ISA_USAGE = YES_ERROR;
				CLANG_WARN_DOCUMENTATION_COMMENTS = YES;
				CLANG_WARN_EMPTY_BODY = YES;
				CLANG_WARN_ENUM_CONVERSION = YES;
				CLANG_WARN_INFINITE_RECURSION = YES;
				CLANG_WARN_INT_CONVERSION = YES;
				CLANG_WARN_NON_LITERAL_NULL_CONVERSION = YES;
				CLANG_WARN_OBJC_IMPLICIT_RETAIN_SELF = YES;
				CLANG_WARN_OBJC_LITERAL_CONVERSION = YES;
				CLANG_WARN_OBJC_ROOT_CLASS = YES_ERROR;
				CLANG_WARN_QUOTED_INCLUDE_IN_FRAMEWORK_HEADER = YES;
				CLANG_WARN_RANGE_LOOP_ANALYSIS = YES;
				CLANG_WARN_STRICT_PROTOTYPES = YES;
				CLANG_WARN_SUSPICIOUS_MOVE = YES;
				CLANG_WARN_UNGUARDED_AVAILABILITY = YES_AGGRESSIVE;
				CLANG_WARN_UNREACHABLE_CODE = YES;
				CLANG_WARN__DUPLICATE_METHOD_MATCH = YES;
				COPY_PHASE_STRIP = NO;
				DEAD_CODE_STRIPPING = YES;
				DEBUG_INFORMATION_FORMAT = dwarf;
				ENABLE_STRICT_OBJC_MSGSEND = YES;
				ENABLE_TESTABILITY = YES;
				ENABLE_USER_SCRIPT_SANDBOXING = YES;
				GCC_C_LANGUAGE_STANDARD = gnu11;
				GCC_DYNAMIC_NO_PIC = NO;
				GCC_NO_COMMON_BLOCKS = YES;
				GCC_OPTIMIZATION_LEVEL = 0;
				GCC_PREPROCESSOR_DEFINITIONS = (
					"DEBUG=1",
					"$(inherited)",
				);
				GCC_WARN_64_TO_32_BIT_CONVERSION = YES;
				GCC_WARN_ABOUT_RETURN_TYPE = YES_ERROR;
				GCC_WARN_UNDECLARED_SELECTOR = YES;
				GCC_WARN_UNINITIALIZED_AUTOS = YES_AGGRESSIVE;
				GCC_WARN_UNUSED_FUNCTION = YES;
				GCC_WARN_UNUSED_VARIABLE = YES;
				MTL_ENABLE_DEBUG_INFO = INCLUDE_SOURCE;
				MTL_FAST_MATH = YES;
				ONLY_ACTIVE_ARCH = YES;
				SWIFT_ACTIVE_COMPILATION_CONDITIONS = DEBUG;
				SWIFT_OBJC_BRIDGING_HEADER = "";
				SWIFT_OPTIMIZATION_LEVEL = "-Onone";
			};
			name = Debug;
		};
		099B12862AB201A200DA4B8F /* Release */ = {
			isa = XCBuildConfiguration;
			buildSettings = {
				ALWAYS_SEARCH_USER_PATHS = NO;
				CLANG_ANALYZER_NONNULL = YES;
				CLANG_ANALYZER_NUMBER_OBJECT_CONVERSION = YES_AGGRESSIVE;
				CLANG_CXX_LANGUAGE_STANDARD = "gnu++20";
				CLANG_ENABLE_MODULES = YES;
				CLANG_ENABLE_OBJC_ARC = YES;
				CLANG_ENABLE_OBJC_WEAK = YES;
				CLANG_WARN_BLOCK_CAPTURE_AUTORELEASING = YES;
				CLANG_WARN_BOOL_CONVERSION = YES;
				CLANG_WARN_COMMA = YES;
				CLANG_WARN_CONSTANT_CONVERSION = YES;
				CLANG_WARN_DEPRECATED_OBJC_IMPLEMENTATIONS = YES;
				CLANG_WARN_DIRECT_OBJC_ISA_USAGE = YES_ERROR;
				CLANG_WARN_DOCUMENTATION_COMMENTS = YES;
				CLANG_WARN_EMPTY_BODY = YES;
				CLANG_WARN_ENUM_CONVERSION = YES;
				CLANG_WARN_INFINITE_RECURSION = YES;
				CLANG_WARN_INT_CONVERSION = YES;
				CLANG_WARN_NON_LITERAL_NULL_CONVERSION = YES;
				CLANG_WARN_OBJC_IMPLICIT_RETAIN_SELF = YES;
				CLANG_WARN_OBJC_LITERAL_CONVERSION = YES;
				CLANG_WARN_OBJC_ROOT_CLASS = YES_ERROR;
				CLANG_WARN_QUOTED_INCLUDE_IN_FRAMEWORK_HEADER = YES;
				CLANG_WARN_RANGE_LOOP_ANALYSIS = YES;
				CLANG_WARN_STRICT_PROTOTYPES = YES;
				CLANG_WARN_SUSPICIOUS_MOVE = YES;
				CLANG_WARN_UNGUARDED_AVAILABILITY = YES_AGGRESSIVE;
				CLANG_WARN_UNREACHABLE_CODE = YES;
				CLANG_WARN__DUPLICATE_METHOD_MATCH = YES;
				COPY_PHASE_STRIP = NO;
				DEAD_CODE_STRIPPING = YES;
				DEBUG_INFORMATION_FORMAT = "dwarf-with-dsym";
				ENABLE_NS_ASSERTIONS = NO;
				ENABLE_STRICT_OBJC_MSGSEND = YES;
				ENABLE_USER_SCRIPT_SANDBOXING = YES;
				GCC_C_LANGUAGE_STANDARD = gnu11;
				GCC_NO_COMMON_BLOCKS = YES;
				GCC_WARN_64_TO_32_BIT_CONVERSION = YES;
				GCC_WARN_ABOUT_RETURN_TYPE = YES_ERROR;
				GCC_WARN_UNDECLARED_SELECTOR = YES;
				GCC_WARN_UNINITIALIZED_AUTOS = YES_AGGRESSIVE;
				GCC_WARN_UNUSED_FUNCTION = YES;
				GCC_WARN_UNUSED_VARIABLE = YES;
				MTL_ENABLE_DEBUG_INFO = NO;
				MTL_FAST_MATH = YES;
				SWIFT_COMPILATION_MODE = wholemodule;
				SWIFT_OBJC_BRIDGING_HEADER = "";
				SWIFT_OPTIMIZATION_LEVEL = "-O";
			};
			name = Release;
		};
		099B12882AB201A200DA4B8F /* Debug */ = {
			isa = XCBuildConfiguration;
			buildSettings = {
				ALLOW_TARGET_PLATFORM_SPECIALIZATION = YES;
				ASSETCATALOG_COMPILER_APPICON_NAME = AppIcon;
				ASSETCATALOG_COMPILER_GLOBAL_ACCENT_COLOR_NAME = AccentColor;
				CODE_SIGN_ENTITLEMENTS = HospitalityDemo/HospitalityDemo.entitlements;
				"CODE_SIGN_IDENTITY[sdk=iphoneos*]" = "iPhone Distribution";
				CODE_SIGN_STYLE = Manual;
				CURRENT_PROJECT_VERSION = 3;
				DEVELOPMENT_ASSET_PATHS = "\"HospitalityDemo/Preview Content\"";
				DEVELOPMENT_TEAM = "";
				"DEVELOPMENT_TEAM[sdk=iphoneos*]" = 94GENMY2GG;
				ENABLE_PREVIEWS = YES;
				"EXCLUDED_ARCHS[sdk=iphonesimulator*]" = arm64;
				FRAMEWORK_SEARCH_PATHS = "$(PROJECT_DIR)/HospitalityDemo/Shared/Libraries";
				GENERATE_INFOPLIST_FILE = YES;
				INFOPLIST_FILE = HospitalityDemo/Info.plist;
				INFOPLIST_KEY_UIApplicationSceneManifest_Generation = YES;
				"INFOPLIST_KEY_UIApplicationSceneManifest_Generation[sdk=iphoneos*]" = YES;
				"INFOPLIST_KEY_UIApplicationSceneManifest_Generation[sdk=iphonesimulator*]" = YES;
				INFOPLIST_KEY_UIApplicationSupportsIndirectInputEvents = YES;
				"INFOPLIST_KEY_UIApplicationSupportsIndirectInputEvents[sdk=iphoneos*]" = YES;
				"INFOPLIST_KEY_UIApplicationSupportsIndirectInputEvents[sdk=iphonesimulator*]" = YES;
				INFOPLIST_KEY_UILaunchScreen_Generation = YES;
				"INFOPLIST_KEY_UILaunchScreen_Generation[sdk=iphoneos*]" = YES;
				"INFOPLIST_KEY_UILaunchScreen_Generation[sdk=iphonesimulator*]" = YES;
				INFOPLIST_KEY_UIStatusBarStyle = UIStatusBarStyleDefault;
				"INFOPLIST_KEY_UIStatusBarStyle[sdk=iphoneos*]" = UIStatusBarStyleDefault;
				"INFOPLIST_KEY_UIStatusBarStyle[sdk=iphonesimulator*]" = UIStatusBarStyleDefault;
				INFOPLIST_KEY_UISupportedInterfaceOrientations_iPad = "UIInterfaceOrientationPortrait UIInterfaceOrientationPortraitUpsideDown UIInterfaceOrientationLandscapeLeft UIInterfaceOrientationLandscapeRight";
				INFOPLIST_KEY_UISupportedInterfaceOrientations_iPhone = "UIInterfaceOrientationPortrait UIInterfaceOrientationLandscapeLeft UIInterfaceOrientationLandscapeRight";
				IPHONEOS_DEPLOYMENT_TARGET = 17.0;
				LD_RUNPATH_SEARCH_PATHS = "@executable_path/Frameworks";
				"LD_RUNPATH_SEARCH_PATHS[sdk=macosx*]" = "@executable_path/../Frameworks";
				LIBRARY_SEARCH_PATHS = "$(PROJECT_DIR)/HospitalityDemo/Shared/Libraries";
				MACOSX_DEPLOYMENT_TARGET = 13.3;
				MARKETING_VERSION = 1.0;
				OTHER_LDFLAGS = (
					"-ObjC",
					"-all_load",
				);
				PRODUCT_BUNDLE_IDENTIFIER = com.quadient.spt.HospitalityDemo;
				PRODUCT_NAME = "$(TARGET_NAME)";
				PROVISIONING_PROFILE_SPECIFIER = "";
				"PROVISIONING_PROFILE_SPECIFIER[sdk=iphoneos*]" = "match AppStore com.quadient.spt.HospitalityDemo";
				SDKROOT = iphoneos;
				SUPPORTED_PLATFORMS = "watchsimulator watchos macosx iphonesimulator iphoneos driverkit appletvsimulator appletvos";
				SUPPORTS_MACCATALYST = YES;
				SWIFT_COMPILATION_MODE = singlefile;
				SWIFT_EMIT_LOC_STRINGS = YES;
				SWIFT_OBJC_BRIDGING_HEADER = "HospitalityDemo/Shared/Libraries/HospitalityDemo-BridgingHeader.h";
				SWIFT_VERSION = 5.0;
				TARGETED_DEVICE_FAMILY = "1,2";
				USER_HEADER_SEARCH_PATHS = "$(PROJECT_DIR)/HospitalityDemo/Shared/Libraries/include";
				VERSIONING_SYSTEM = "apple-generic";
			};
			name = Debug;
		};
		099B12892AB201A200DA4B8F /* Release */ = {
			isa = XCBuildConfiguration;
			buildSettings = {
				ALLOW_TARGET_PLATFORM_SPECIALIZATION = YES;
				ASSETCATALOG_COMPILER_APPICON_NAME = AppIcon;
				ASSETCATALOG_COMPILER_GLOBAL_ACCENT_COLOR_NAME = AccentColor;
				CODE_SIGN_ENTITLEMENTS = HospitalityDemo/HospitalityDemo.entitlements;
				"CODE_SIGN_IDENTITY[sdk=iphoneos*]" = "iPhone Distribution";
				CODE_SIGN_STYLE = Manual;
				CURRENT_PROJECT_VERSION = 3;
				DEVELOPMENT_ASSET_PATHS = "\"HospitalityDemo/Preview Content\"";
				DEVELOPMENT_TEAM = "";
				"DEVELOPMENT_TEAM[sdk=iphoneos*]" = 94GENMY2GG;
				ENABLE_PREVIEWS = YES;
				"EXCLUDED_ARCHS[sdk=iphonesimulator*]" = arm64;
				FRAMEWORK_SEARCH_PATHS = "$(PROJECT_DIR)/HospitalityDemo/Shared/Libraries";
				GENERATE_INFOPLIST_FILE = YES;
				INFOPLIST_FILE = HospitalityDemo/Info.plist;
				INFOPLIST_KEY_UIApplicationSceneManifest_Generation = YES;
				"INFOPLIST_KEY_UIApplicationSceneManifest_Generation[sdk=iphoneos*]" = YES;
				"INFOPLIST_KEY_UIApplicationSceneManifest_Generation[sdk=iphonesimulator*]" = YES;
				INFOPLIST_KEY_UIApplicationSupportsIndirectInputEvents = YES;
				"INFOPLIST_KEY_UIApplicationSupportsIndirectInputEvents[sdk=iphoneos*]" = YES;
				"INFOPLIST_KEY_UIApplicationSupportsIndirectInputEvents[sdk=iphonesimulator*]" = YES;
				INFOPLIST_KEY_UILaunchScreen_Generation = YES;
				"INFOPLIST_KEY_UILaunchScreen_Generation[sdk=iphoneos*]" = YES;
				"INFOPLIST_KEY_UILaunchScreen_Generation[sdk=iphonesimulator*]" = YES;
				INFOPLIST_KEY_UIStatusBarStyle = UIStatusBarStyleDefault;
				"INFOPLIST_KEY_UIStatusBarStyle[sdk=iphoneos*]" = UIStatusBarStyleDefault;
				"INFOPLIST_KEY_UIStatusBarStyle[sdk=iphonesimulator*]" = UIStatusBarStyleDefault;
				INFOPLIST_KEY_UISupportedInterfaceOrientations_iPad = "UIInterfaceOrientationPortrait UIInterfaceOrientationPortraitUpsideDown UIInterfaceOrientationLandscapeLeft UIInterfaceOrientationLandscapeRight";
				INFOPLIST_KEY_UISupportedInterfaceOrientations_iPhone = "UIInterfaceOrientationPortrait UIInterfaceOrientationLandscapeLeft UIInterfaceOrientationLandscapeRight";
				IPHONEOS_DEPLOYMENT_TARGET = 17.0;
				LD_RUNPATH_SEARCH_PATHS = "@executable_path/Frameworks";
				"LD_RUNPATH_SEARCH_PATHS[sdk=macosx*]" = "@executable_path/../Frameworks";
				LIBRARY_SEARCH_PATHS = "$(PROJECT_DIR)/HospitalityDemo/Shared/Libraries";
				MACOSX_DEPLOYMENT_TARGET = 13.3;
				MARKETING_VERSION = 1.0;
				OTHER_LDFLAGS = (
					"-ObjC",
					"-all_load",
				);
				PRODUCT_BUNDLE_IDENTIFIER = com.quadient.spt.HospitalityDemo;
				PRODUCT_NAME = "$(TARGET_NAME)";
				PROVISIONING_PROFILE_SPECIFIER = "";
				"PROVISIONING_PROFILE_SPECIFIER[sdk=iphoneos*]" = "match AppStore com.quadient.spt.HospitalityDemo";
				SDKROOT = iphoneos;
				SUPPORTED_PLATFORMS = "watchsimulator watchos macosx iphonesimulator iphoneos driverkit appletvsimulator appletvos";
				SUPPORTS_MACCATALYST = YES;
				SWIFT_COMPILATION_MODE = wholemodule;
				SWIFT_EMIT_LOC_STRINGS = YES;
				SWIFT_OBJC_BRIDGING_HEADER = "HospitalityDemo/Shared/Libraries/HospitalityDemo-BridgingHeader.h";
				SWIFT_VERSION = 5.0;
				TARGETED_DEVICE_FAMILY = "1,2";
				USER_HEADER_SEARCH_PATHS = "$(PROJECT_DIR)/HospitalityDemo/Shared/Libraries/include";
				VERSIONING_SYSTEM = "apple-generic";
			};
			name = Release;
		};
		099B128B2AB201A200DA4B8F /* Debug */ = {
			isa = XCBuildConfiguration;
			buildSettings = {
				ALWAYS_EMBED_SWIFT_STANDARD_LIBRARIES = YES;
				BUNDLE_LOADER = "$(TEST_HOST)";
				CODE_SIGN_STYLE = Automatic;
				CURRENT_PROJECT_VERSION = 2;
				DEAD_CODE_STRIPPING = YES;
				GENERATE_INFOPLIST_FILE = YES;
				IPHONEOS_DEPLOYMENT_TARGET = 16.4;
				MACOSX_DEPLOYMENT_TARGET = 13.3;
				MARKETING_VERSION = 1.0;
				PRODUCT_BUNDLE_IDENTIFIER = quadient.spt.HospitalityDemoTests;
				PRODUCT_NAME = "$(TARGET_NAME)";
				SDKROOT = auto;
				SUPPORTED_PLATFORMS = "iphoneos iphonesimulator macosx";
				SWIFT_EMIT_LOC_STRINGS = NO;
				SWIFT_VERSION = 5.0;
				TARGETED_DEVICE_FAMILY = "1,2";
				TEST_HOST = "$(BUILT_PRODUCTS_DIR)/HospitalityDemo.app/$(BUNDLE_EXECUTABLE_FOLDER_PATH)/HospitalityDemo";
			};
			name = Debug;
		};
		099B128C2AB201A200DA4B8F /* Release */ = {
			isa = XCBuildConfiguration;
			buildSettings = {
				ALWAYS_EMBED_SWIFT_STANDARD_LIBRARIES = YES;
				BUNDLE_LOADER = "$(TEST_HOST)";
				CODE_SIGN_STYLE = Automatic;
				CURRENT_PROJECT_VERSION = 2;
				DEAD_CODE_STRIPPING = YES;
				GENERATE_INFOPLIST_FILE = YES;
				IPHONEOS_DEPLOYMENT_TARGET = 16.4;
				MACOSX_DEPLOYMENT_TARGET = 13.3;
				MARKETING_VERSION = 1.0;
				PRODUCT_BUNDLE_IDENTIFIER = quadient.spt.HospitalityDemoTests;
				PRODUCT_NAME = "$(TARGET_NAME)";
				SDKROOT = auto;
				SUPPORTED_PLATFORMS = "iphoneos iphonesimulator macosx";
				SWIFT_EMIT_LOC_STRINGS = NO;
				SWIFT_VERSION = 5.0;
				TARGETED_DEVICE_FAMILY = "1,2";
				TEST_HOST = "$(BUILT_PRODUCTS_DIR)/HospitalityDemo.app/$(BUNDLE_EXECUTABLE_FOLDER_PATH)/HospitalityDemo";
			};
			name = Release;
		};
		099B128E2AB201A200DA4B8F /* Debug */ = {
			isa = XCBuildConfiguration;
			buildSettings = {
				ALWAYS_EMBED_SWIFT_STANDARD_LIBRARIES = YES;
				CODE_SIGN_STYLE = Automatic;
				CURRENT_PROJECT_VERSION = 2;
				DEAD_CODE_STRIPPING = YES;
				GENERATE_INFOPLIST_FILE = YES;
				IPHONEOS_DEPLOYMENT_TARGET = 16.4;
				MACOSX_DEPLOYMENT_TARGET = 13.3;
				MARKETING_VERSION = 1.0;
				PRODUCT_BUNDLE_IDENTIFIER = quadient.spt.HospitalityDemoUITests;
				PRODUCT_NAME = "$(TARGET_NAME)";
				SDKROOT = auto;
				SUPPORTED_PLATFORMS = "iphoneos iphonesimulator macosx";
				SWIFT_EMIT_LOC_STRINGS = NO;
				SWIFT_VERSION = 5.0;
				TARGETED_DEVICE_FAMILY = "1,2";
				TEST_TARGET_NAME = HospitalityDemo;
			};
			name = Debug;
		};
		099B128F2AB201A200DA4B8F /* Release */ = {
			isa = XCBuildConfiguration;
			buildSettings = {
				ALWAYS_EMBED_SWIFT_STANDARD_LIBRARIES = YES;
				CODE_SIGN_STYLE = Automatic;
				CURRENT_PROJECT_VERSION = 2;
				DEAD_CODE_STRIPPING = YES;
				GENERATE_INFOPLIST_FILE = YES;
				IPHONEOS_DEPLOYMENT_TARGET = 16.4;
				MACOSX_DEPLOYMENT_TARGET = 13.3;
				MARKETING_VERSION = 1.0;
				PRODUCT_BUNDLE_IDENTIFIER = quadient.spt.HospitalityDemoUITests;
				PRODUCT_NAME = "$(TARGET_NAME)";
				SDKROOT = auto;
				SUPPORTED_PLATFORMS = "iphoneos iphonesimulator macosx";
				SWIFT_EMIT_LOC_STRINGS = NO;
				SWIFT_VERSION = 5.0;
				TARGETED_DEVICE_FAMILY = "1,2";
				TEST_TARGET_NAME = HospitalityDemo;
			};
			name = Release;
		};
/* End XCBuildConfiguration section */

/* Begin XCConfigurationList section */
		099B125D2AB201A000DA4B8F /* Build configuration list for PBXProject "HospitalityDemo" */ = {
			isa = XCConfigurationList;
			buildConfigurations = (
				099B12852AB201A200DA4B8F /* Debug */,
				099B12862AB201A200DA4B8F /* Release */,
			);
			defaultConfigurationIsVisible = 0;
			defaultConfigurationName = Release;
		};
		099B12872AB201A200DA4B8F /* Build configuration list for PBXNativeTarget "HospitalityDemo" */ = {
			isa = XCConfigurationList;
			buildConfigurations = (
				099B12882AB201A200DA4B8F /* Debug */,
				099B12892AB201A200DA4B8F /* Release */,
			);
			defaultConfigurationIsVisible = 0;
			defaultConfigurationName = Release;
		};
		099B128A2AB201A200DA4B8F /* Build configuration list for PBXNativeTarget "HospitalityDemoTests" */ = {
			isa = XCConfigurationList;
			buildConfigurations = (
				099B128B2AB201A200DA4B8F /* Debug */,
				099B128C2AB201A200DA4B8F /* Release */,
			);
			defaultConfigurationIsVisible = 0;
			defaultConfigurationName = Release;
		};
		099B128D2AB201A200DA4B8F /* Build configuration list for PBXNativeTarget "HospitalityDemoUITests" */ = {
			isa = XCConfigurationList;
			buildConfigurations = (
				099B128E2AB201A200DA4B8F /* Debug */,
				099B128F2AB201A200DA4B8F /* Release */,
			);
			defaultConfigurationIsVisible = 0;
			defaultConfigurationName = Release;
		};
/* End XCConfigurationList section */
	};
	rootObject = 099B125A2AB201A000DA4B8F /* Project object */;
}
